# THIS IS AN AUTOGENERATED FILE. DO NOT EDIT THIS FILE DIRECTLY.
# yarn lockfile v1


js-sha256@0.11.1:
  version "0.11.1"
  resolved "https://registry.yarnpkg.com/js-sha256/-/js-sha256-0.11.1.tgz#712262e8fc9569d6f7f6eea72c0d8e5ccc7c976c"
  integrity sha512-o6WSo/LUvY2uC4j7mO50a2ms7E/EAdbP0swigLV+nzHKTTaYnaLIWJ02VdXrsJX0vGedDESQnLsOekr94ryfjg==
